// !$*UTF8*$!
{
	archiveVersion = 1;
	classes = {
	};
	objectVersion = 46;
	objects = {

/* Begin PBXBuildFile section */
		98167C861A387A0D00549C03 /* main.m in Sources */ = {isa = PBXBuildFile; fileRef = 98167C851A387A0D00549C03 /* main.m */; };
		98167C891A387A0D00549C03 /* AppDelegate.m in Sources */ = {isa = PBXBuildFile; fileRef = 98167C881A387A0D00549C03 /* AppDelegate.m */; };
		98167C8C1A387A0D00549C03 /* ViewController.m in Sources */ = {isa = PBXBuildFile; fileRef = 98167C8B1A387A0D00549C03 /* ViewController.m */; };
		98167C8F1A387A0D00549C03 /* Main.storyboard in Resources */ = {isa = PBXBuildFile; fileRef = 98167C8D1A387A0D00549C03 /* Main.storyboard */; };
		98167C911A387A0D00549C03 /* Images.xcassets in Resources */ = {isa = PBXBuildFile; fileRef = 98167C901A387A0D00549C03 /* Images.xcassets */; };
		98167C941A387A0D00549C03 /* LaunchScreen.xib in Resources */ = {isa = PBXBuildFile; fileRef = 98167C921A387A0D00549C03 /* LaunchScreen.xib */; };
		98167CA01A387A0D00549C03 /* WebRTC_iOSTests.m in Sources */ = {isa = PBXBuildFile; fileRef = 98167C9F1A387A0D00549C03 /* WebRTC_iOSTests.m */; };
/* End PBXBuildFile section */

/* Begin PBXContainerItemProxy section */
		98167C9A1A387A0D00549C03 /* PBXContainerItemProxy */ = {
			isa = PBXContainerItemProxy;
			containerPortal = 98167C781A387A0D00549C03 /* Project object */;
			proxyType = 1;
			remoteGlobalIDString = 98167C7F1A387A0D00549C03;
			remoteInfo = WebRTC_iOS;
		};
/* End PBXContainerItemProxy section */

/* Begin PBXFileReference section */
		98167C801A387A0D00549C03 /* WebRTC_iOS.app */ = {isa = PBXFileReference; explicitFileType = wrapper.application; includeInIndex = 0; path = WebRTC_iOS.app; sourceTree = BUILT_PRODUCTS_DIR; };
		98167C841A387A0D00549C03 /* Info.plist */ = {isa = PBXFileReference; lastKnownFileType = text.plist.xml; path = Info.plist; sourceTree = "<group>"; };
		98167C851A387A0D00549C03 /* main.m */ = {isa = PBXFileReference; lastKnownFileType = sourcecode.c.objc; path = main.m; sourceTree = "<group>"; };
		98167C871A387A0D00549C03 /* AppDelegate.h */ = {isa = PBXFileReference; lastKnownFileType = sourcecode.c.h; path = AppDelegate.h; sourceTree = "<group>"; };
		98167C881A387A0D00549C03 /* AppDelegate.m */ = {isa = PBXFileReference; lastKnownFileType = sourcecode.c.objc; path = AppDelegate.m; sourceTree = "<group>"; };
		98167C8A1A387A0D00549C03 /* ViewController.h */ = {isa = PBXFileReference; lastKnownFileType = sourcecode.c.h; path = ViewController.h; sourceTree = "<group>"; };
		98167C8B1A387A0D00549C03 /* ViewController.m */ = {isa = PBXFileReference; lastKnownFileType = sourcecode.c.objc; path = ViewController.m; sourceTree = "<group>"; };
		98167C8E1A387A0D00549C03 /* Base */ = {isa = PBXFileReference; lastKnownFileType = file.storyboard; name = Base; path = Base.lproj/Main.storyboard; sourceTree = "<group>"; };
		98167C901A387A0D00549C03 /* Images.xcassets */ = {isa = PBXFileReference; lastKnownFileType = folder.assetcatalog; path = Images.xcassets; sourceTree = "<group>"; };
		98167C931A387A0D00549C03 /* Base */ = {isa = PBXFileReference; lastKnownFileType = file.xib; name = Base; path = Base.lproj/LaunchScreen.xib; sourceTree = "<group>"; };
		98167C991A387A0D00549C03 /* WebRTC_iOSTests.xctest */ = {isa = PBXFileReference; explicitFileType = wrapper.cfbundle; includeInIndex = 0; path = WebRTC_iOSTests.xctest; sourceTree = BUILT_PRODUCTS_DIR; };
		98167C9E1A387A0D00549C03 /* Info.plist */ = {isa = PBXFileReference; lastKnownFileType = text.plist.xml; path = Info.plist; sourceTree = "<group>"; };
		98167C9F1A387A0D00549C03 /* WebRTC_iOSTests.m */ = {isa = PBXFileReference; lastKnownFileType = sourcecode.c.objc; path = WebRTC_iOSTests.m; sourceTree = "<group>"; };
/* End PBXFileReference section */

/* Begin PBXFrameworksBuildPhase section */
		98167C7D1A387A0D00549C03 /* Frameworks */ = {
			isa = PBXFrameworksBuildPhase;
			buildActionMask = 2147483647;
			files = (
			);
			runOnlyForDeploymentPostprocessing = 0;
		};
		98167C961A387A0D00549C03 /* Frameworks */ = {
			isa = PBXFrameworksBuildPhase;
			buildActionMask = 2147483647;
			files = (
			);
			runOnlyForDeploymentPostprocessing = 0;
		};
/* End PBXFrameworksBuildPhase section */

/* Begin PBXGroup section */
		98167C771A387A0D00549C03 = {
			isa = PBXGroup;
			children = (
				98167C821A387A0D00549C03 /* WebRTC_iOS */,
				98167C9C1A387A0D00549C03 /* WebRTC_iOSTests */,
				98167C811A387A0D00549C03 /* Products */,
			);
			sourceTree = "<group>";
		};
		98167C811A387A0D00549C03 /* Products */ = {
			isa = PBXGroup;
			children = (
				98167C801A387A0D00549C03 /* WebRTC_iOS.app */,
				98167C991A387A0D00549C03 /* WebRTC_iOSTests.xctest */,
			);
			name = Products;
			sourceTree = "<group>";
		};
		98167C821A387A0D00549C03 /* WebRTC_iOS */ = {
			isa = PBXGroup;
			children = (
				98167C871A387A0D00549C03 /* AppDelegate.h */,
				98167C881A387A0D00549C03 /* AppDelegate.m */,
				98167C8A1A387A0D00549C03 /* ViewController.h */,
				98167C8B1A387A0D00549C03 /* ViewController.m */,
				98167C8D1A387A0D00549C03 /* Main.storyboard */,
				98167C901A387A0D00549C03 /* Images.xcassets */,
				98167C921A387A0D00549C03 /* LaunchScreen.xib */,
				98167C831A387A0D00549C03 /* Supporting Files */,
			);
			path = WebRTC_iOS;
			sourceTree = "<group>";
		};
		98167C831A387A0D00549C03 /* Supporting Files */ = {
			isa = PBXGroup;
			children = (
				98167C841A387A0D00549C03 /* Info.plist */,
				98167C851A387A0D00549C03 /* main.m */,
			);
			name = "Supporting Files";
			sourceTree = "<group>";
		};
		98167C9C1A387A0D00549C03 /* WebRTC_iOSTests */ = {
			isa = PBXGroup;
			children = (
				98167C9F1A387A0D00549C03 /* WebRTC_iOSTests.m */,
				98167C9D1A387A0D00549C03 /* Supporting Files */,
			);
			path = WebRTC_iOSTests;
			sourceTree = "<group>";
		};
		98167C9D1A387A0D00549C03 /* Supporting Files */ = {
			isa = PBXGroup;
			children = (
				98167C9E1A387A0D00549C03 /* Info.plist */,
			);
			name = "Supporting Files";
			sourceTree = "<group>";
		};
/* End PBXGroup section */

/* Begin PBXNativeTarget section */
		98167C7F1A387A0D00549C03 /* WebRTC_iOS */ = {
			isa = PBXNativeTarget;
			buildConfigurationList = 98167CA31A387A0D00549C03 /* Build configuration list for PBXNativeTarget "WebRTC_iOS" */;
			buildPhases = (
				98167C7C1A387A0D00549C03 /* Sources */,
				98167C7D1A387A0D00549C03 /* Frameworks */,
				98167C7E1A387A0D00549C03 /* Resources */,
			);
			buildRules = (
			);
			dependencies = (
			);
			name = WebRTC_iOS;
			productName = WebRTC_iOS;
			productReference = 98167C801A387A0D00549C03 /* WebRTC_iOS.app */;
			productType = "com.apple.product-type.application";
		};
		98167C981A387A0D00549C03 /* WebRTC_iOSTests */ = {
			isa = PBXNativeTarget;
			buildConfigurationList = 98167CA61A387A0D00549C03 /* Build configuration list for PBXNativeTarget "WebRTC_iOSTests" */;
			buildPhases = (
				98167C951A387A0D00549C03 /* Sources */,
				98167C961A387A0D00549C03 /* Frameworks */,
				98167C971A387A0D00549C03 /* Resources */,
			);
			buildRules = (
			);
			dependencies = (
				98167C9B1A387A0D00549C03 /* PBXTargetDependency */,
			);
			name = WebRTC_iOSTests;
			productName = WebRTC_iOSTests;
			productReference = 98167C991A387A0D00549C03 /* WebRTC_iOSTests.xctest */;
			productType = "com.apple.product-type.bundle.unit-test";
		};
/* End PBXNativeTarget section */

/* Begin PBXProject section */
		98167C781A387A0D00549C03 /* Project object */ = {
			isa = PBXProject;
			attributes = {
				LastUpgradeCheck = 0610;
				ORGANIZATIONNAME = monadworks;
				TargetAttributes = {
					98167C7F1A387A0D00549C03 = {
						CreatedOnToolsVersion = 6.1;
					};
					98167C981A387A0D00549C03 = {
						CreatedOnToolsVersion = 6.1;
						TestTargetID = 98167C7F1A387A0D00549C03;
					};
				};
			};
			buildConfigurationList = 98167C7B1A387A0D00549C03 /* Build configuration list for PBXProject "WebRTC_iOS" */;
			compatibilityVersion = "Xcode 3.2";
			developmentRegion = English;
			hasScannedForEncodings = 0;
			knownRegions = (
				en,
				Base,
			);
			mainGroup = 98167C771A387A0D00549C03;
			productRefGroup = 98167C811A387A0D00549C03 /* Products */;
			projectDirPath = "";
			projectRoot = "";
			targets = (
				98167C7F1A387A0D00549C03 /* WebRTC_iOS */,
				98167C981A387A0D00549C03 /* WebRTC_iOSTests */,
			);
		};
/* End PBXProject section */

/* Begin PBXResourcesBuildPhase section */
		98167C7E1A387A0D00549C03 /* Resources */ = {
			isa = PBXResourcesBuildPhase;
			buildActionMask = 2147483647;
			files = (
				98167C8F1A387A0D00549C03 /* Main.storyboard in Resources */,
				98167C941A387A0D00549C03 /* LaunchScreen.xib in Resources */,
				98167C911A387A0D00549C03 /* Images.xcassets in Resources */,
			);
			runOnlyForDeploymentPostprocessing = 0;
		};
		98167C971A387A0D00549C03 /* Resources */ = {
			isa = PBXResourcesBuildPhase;
			buildActionMask = 2147483647;
			files = (
			);
			runOnlyForDeploymentPostprocessing = 0;
		};
/* End PBXResourcesBuildPhase section */

/* Begin PBXSourcesBuildPhase section */
		98167C7C1A387A0D00549C03 /* Sources */ = {
			isa = PBXSourcesBuildPhase;
			buildActionMask = 2147483647;
			files = (
				98167C8C1A387A0D00549C03 /* ViewController.m in Sources */,
				98167C891A387A0D00549C03 /* AppDelegate.m in Sources */,
				98167C861A387A0D00549C03 /* main.m in Sources */,
			);
			runOnlyForDeploymentPostprocessing = 0;
		};
		98167C951A387A0D00549C03 /* Sources */ = {
			isa = PBXSourcesBuildPhase;
			buildActionMask = 2147483647;
			files = (
				98167CA01A387A0D00549C03 /* WebRTC_iOSTests.m in Sources */,
			);
			runOnlyForDeploymentPostprocessing = 0;
		};
/* End PBXSourcesBuildPhase section */

/* Begin PBXTargetDependency section */
		98167C9B1A387A0D00549C03 /* PBXTargetDependency */ = {
			isa = PBXTargetDependency;
			target = 98167C7F1A387A0D00549C03 /* WebRTC_iOS */;
			targetProxy = 98167C9A1A387A0D00549C03 /* PBXContainerItemProxy */;
		};
/* End PBXTargetDependency section */

/* Begin PBXVariantGroup section */
		98167C8D1A387A0D00549C03 /* Main.storyboard */ = {
			isa = PBXVariantGroup;
			children = (
				98167C8E1A387A0D00549C03 /* Base */,
			);
			name = Main.storyboard;
			sourceTree = "<group>";
		};
		98167C921A387A0D00549C03 /* LaunchScreen.xib */ = {
			isa = PBXVariantGroup;
			children = (
				98167C931A387A0D00549C03 /* Base */,
			);
			name = LaunchScreen.xib;
			sourceTree = "<group>";
		};
/* End PBXVariantGroup section */

/* Begin XCBuildConfiguration section */
		98167CA11A387A0D00549C03 /* Debug */ = {
			isa = XCBuildConfiguration;
			buildSettings = {
				ALWAYS_SEARCH_USER_PATHS = NO;
				CLANG_CXX_LANGUAGE_STANDARD = "gnu++0x";
				CLANG_CXX_LIBRARY = "libc++";
				CLANG_ENABLE_MODULES = YES;
				CLANG_ENABLE_OBJC_ARC = YES;
				CLANG_WARN_BOOL_CONVERSION = YES;
				CLANG_WARN_CONSTANT_CONVERSION = YES;
				CLANG_WARN_DIRECT_OBJC_ISA_USAGE = YES_ERROR;
				CLANG_WARN_EMPTY_BODY = YES;
				CLANG_WARN_ENUM_CONVERSION = YES;
				CLANG_WARN_INT_CONVERSION = YES;
				CLANG_WARN_OBJC_ROOT_CLASS = YES_ERROR;
				CLANG_WARN_UNREACHABLE_CODE = YES;
				CLANG_WARN__DUPLICATE_METHOD_MATCH = YES;
				"CODE_SIGN_IDENTITY[sdk=iphoneos*]" = "iPhone Developer";
				COPY_PHASE_STRIP = NO;
				ENABLE_STRICT_OBJC_MSGSEND = YES;
				GCC_C_LANGUAGE_STANDARD = gnu99;
				GCC_DYNAMIC_NO_PIC = NO;
				GCC_OPTIMIZATION_LEVEL = 0;
				GCC_PREPROCESSOR_DEFINITIONS = (
					"DEBUG=1",
					"$(inherited)",
				);
				GCC_SYMBOLS_PRIVATE_EXTERN = NO;
				GCC_WARN_64_TO_32_BIT_CONVERSION = YES;
				GCC_WARN_ABOUT_RETURN_TYPE = YES_ERROR;
				GCC_WARN_UNDECLARED_SELECTOR = YES;
				GCC_WARN_UNINITIALIZED_AUTOS = YES_AGGRESSIVE;
				GCC_WARN_UNUSED_FUNCTION = YES;
				GCC_WARN_UNUSED_VARIABLE = YES;
				IPHONEOS_DEPLOYMENT_TARGET = 8.1;
				MTL_ENABLE_DEBUG_INFO = YES;
				ONLY_ACTIVE_ARCH = YES;
				SDKROOT = iphoneos;
				TARGETED_DEVICE_FAMILY = "1,2";
			};
			name = Debug;
		};
		98167CA21A387A0D00549C03 /* Release */ = {
			isa = XCBuildConfiguration;
			buildSettings = {
				ALWAYS_SEARCH_USER_PATHS = NO;
				CLANG_CXX_LANGUAGE_STANDARD = "gnu++0x";
				CLANG_CXX_LIBRARY = "libc++";
				CLANG_ENABLE_MODULES = YES;
				CLANG_ENABLE_OBJC_ARC = YES;
				CLANG_WARN_BOOL_CONVERSION = YES;
				CLANG_WARN_CONSTANT_CONVERSION = YES;
				CLANG_WARN_DIRECT_OBJC_ISA_USAGE = YES_ERROR;
				CLANG_WARN_EMPTY_BODY = YES;
				CLANG_WARN_ENUM_CONVERSION = YES;
				CLANG_WARN_INT_CONVERSION = YES;
				CLANG_WARN_OBJC_ROOT_CLASS = YES_ERROR;
				CLANG_WARN_UNREACHABLE_CODE = YES;
				CLANG_WARN__DUPLICATE_METHOD_MATCH = YES;
				"CODE_SIGN_IDENTITY[sdk=iphoneos*]" = "iPhone Developer";
				COPY_PHASE_STRIP = YES;
				ENABLE_NS_ASSERTIONS = NO;
				ENABLE_STRICT_OBJC_MSGSEND = YES;
				GCC_C_LANGUAGE_STANDARD = gnu99;
				GCC_WARN_64_TO_32_BIT_CONVERSION = YES;
				GCC_WARN_ABOUT_RETURN_TYPE = YES_ERROR;
				GCC_WARN_UNDECLARED_SELECTOR = YES;
				GCC_WARN_UNINITIALIZED_AUTOS = YES_AGGRESSIVE;
				GCC_WARN_UNUSED_FUNCTION = YES;
				GCC_WARN_UNUSED_VARIABLE = YES;
				IPHONEOS_DEPLOYMENT_TARGET = 8.1;
				MTL_ENABLE_DEBUG_INFO = NO;
				SDKROOT = iphoneos;
				TARGETED_DEVICE_FAMILY = "1,2";
				VALIDATE_PRODUCT = YES;
			};
			name = Release;
		};
		98167CA41A387A0D00549C03 /* Debug */ = {
			isa = XCBuildConfiguration;
			buildSettings = {
				ASSETCATALOG_COMPILER_APPICON_NAME = AppIcon;
				INFOPLIST_FILE = WebRTC_iOS/Info.plist;
				LD_RUNPATH_SEARCH_PATHS = "$(inherited) @executable_path/Frameworks";
				PRODUCT_NAME = "$(TARGET_NAME)";
			};
			name = Debug;
		};
		98167CA51A387A0D00549C03 /* Release */ = {
			isa = XCBuildConfiguration;
			buildSettings = {
				ASSETCATALOG_COMPILER_APPICON_NAME = AppIcon;
				INFOPLIST_FILE = WebRTC_iOS/Info.plist;
				LD_RUNPATH_SEARCH_PATHS = "$(inherited) @executable_path/Frameworks";
				PRODUCT_NAME = "$(TARGET_NAME)";
			};
			name = Release;
		};
		98167CA71A387A0D00549C03 /* Debug */ = {
			isa = XCBuildConfiguration;
			buildSettings = {
				BUNDLE_LOADER = "$(TEST_HOST)";
				FRAMEWORK_SEARCH_PATHS = (
					"$(SDKROOT)/Developer/Library/Frameworks",
					"$(inherited)",
				);
				GCC_PREPROCESSOR_DEFINITIONS = (
					"DEBUG=1",
					"$(inherited)",
				);
				INFOPLIST_FILE = WebRTC_iOSTests/Info.plist;
				LD_RUNPATH_SEARCH_PATHS = "$(inherited) @executable_path/Frameworks @loader_path/Frameworks";
				PRODUCT_NAME = "$(TARGET_NAME)";
				TEST_HOST = "$(BUILT_PRODUCTS_DIR)/WebRTC_iOS.app/WebRTC_iOS";
			};
			name = Debug;
		};
		98167CA81A387A0D00549C03 /* Release */ = {
			isa = XCBuildConfiguration;
			buildSettings = {
				BUNDLE_LOADER = "$(TEST_HOST)";
				FRAMEWORK_SEARCH_PATHS = (
					"$(SDKROOT)/Developer/Library/Frameworks",
					"$(inherited)",
				);
				INFOPLIST_FILE = WebRTC_iOSTests/Info.plist;
				LD_RUNPATH_SEARCH_PATHS = "$(inherited) @executable_path/Frameworks @loader_path/Frameworks";
				PRODUCT_NAME = "$(TARGET_NAME)";
				TEST_HOST = "$(BUILT_PRODUCTS_DIR)/WebRTC_iOS.app/WebRTC_iOS";
			};
			name = Release;
		};
/* End XCBuildConfiguration section */

/* Begin XCConfigurationList section */
		98167C7B1A387A0D00549C03 /* Build configuration list for PBXProject "WebRTC_iOS" */ = {
			isa = XCConfigurationList;
			buildConfigurations = (
				98167CA11A387A0D00549C03 /* Debug */,
				98167CA21A387A0D00549C03 /* Release */,
			);
			defaultConfigurationIsVisible = 0;
			defaultConfigurationName = Release;
		};
		98167CA31A387A0D00549C03 /* Build configuration list for PBXNativeTarget "WebRTC_iOS" */ = {
			isa = XCConfigurationList;
			buildConfigurations = (
				98167CA41A387A0D00549C03 /* Debug */,
				98167CA51A387A0D00549C03 /* Release */,
			);
			defaultConfigurationIsVisible = 0;
		};
		98167CA61A387A0D00549C03 /* Build configuration list for PBXNativeTarget "WebRTC_iOSTests" */ = {
			isa = XCConfigurationList;
			buildConfigurations = (
				98167CA71A387A0D00549C03 /* Debug */,
				98167CA81A387A0D00549C03 /* Release */,
			);
			defaultConfigurationIsVisible = 0;
		};
/* End XCConfigurationList section */
	};
	rootObject = 98167C781A387A0D00549C03 /* Project object */;
}
